
Microsoft Visual Studio Solution File, Format Version 12.00
# Visual Studio Version 16
VisualStudioVersion = 16.0.31624.102
MinimumVisualStudioVersion = 10.0.40219.1
Project("{888888A0-9F3D-457C-B088-3A5042F75D52}") = "Lab1", "PythonApplication2\Lab1.pyproj", "{D36AD356-14D8-4ECD-88B4-C2A2F42DA671}"
EndProject
Global
	GlobalSection(SolutionConfigurationPlatforms) = preSolution
		Debug|Any CPU = Debug|Any CPU
		Release|Any CPU = Release|Any CPU
	EndGlobalSection
	GlobalSection(ProjectConfigurationPlatforms) = postSolution
		{D36AD356-14D8-4ECD-88B4-C2A2F42DA671}.Debug|Any CPU.ActiveCfg = Debug|Any CPU
		{D36AD356-14D8-4ECD-88B4-C2A2F42DA671}.Release|Any CPU.ActiveCfg = Release|Any CPU
	EndGlobalSection
	GlobalSection(SolutionProperties) = preSolution
		HideSolutionNode = FALSE
	EndGlobalSection
	GlobalSection(ExtensibilityGlobals) = postSolution
		SolutionGuid = {03C99592-199C-4622-864F-A854221295EF}
	EndGlobalSection
EndGlobal
